{
  "nodes": {
    "nixpkgs": {
      "locked": {
        "lastModified": 0,
        "narHash": "sha256-6KffMIF5h7/S/j4p3q8f945/bO6HhkHqm5P87V6jUK8=",
        "path": "/nix/store/yngmmvnmb1w70ql3cbbpn7jnissvvsjb-source",
        "type": "path"
      },
      "original": {
        "id": "nixpkgs",
        "type": "indirect"
      }
    },
    "root": {
      "inputs": {
        "nixpkgs": "nixpkgs"
      }
    }
  },
  "root": "root",
  "version": 7
}
