{
  "nodes": {
    "nixpkgs": {
      "locked": {
        "lastModified": 1705458851,
        "narHash": "sha256-uQvEhiv33Zj/Pv364dTvnpPwFSptRZgVedDzoM+HqVg=",
        "path": "/nix/store/ch82i0ka6gw80amas17rfy392yyidpsf-source",
        "rev": "8bf65f17d8070a0a490daf5f1c784b87ee73982c",
        "type": "path"
      },
      "original": {
        "id": "nixpkgs",
        "type": "indirect"
      }
    },
    "nixpkgs-mozilla": {
      "locked": {
        "lastModified": 1704373101,
        "narHash": "sha256-+gi59LRWRQmwROrmE1E2b3mtocwueCQqZ60CwLG+gbg=",
        "owner": "mozilla",
        "repo": "nixpkgs-mozilla",
        "rev": "9b11a87c0cc54e308fa83aac5b4ee1816d5418a2",
        "type": "github"
      },
      "original": {
        "owner": "mozilla",
        "repo": "nixpkgs-mozilla",
        "type": "github"
      }
    },
    "root": {
      "inputs": {
        "nixpkgs": "nixpkgs",
        "nixpkgs-mozilla": "nixpkgs-mozilla"
      }
    }
  },
  "root": "root",
  "version": 7
}
